
Microsoft Visual Studio Solution File, Format Version 12.00
# Visual Studio Version 17
VisualStudioVersion = 17.0.31903.59
MinimumVisualStudioVersion = 10.0.40219.1
Project("{2150E333-8FDC-42A3-9474-1A3956D46DE8}") = "src", "src", "{64825A6D-D9EF-4B79-91DE-0A608EB745C0}"
EndProject
Project("{FAE04EC0-301F-11D3-BF4B-00C04F79EFBC}") = "DavinciEPA.CRD.Api", "src\DavinciEPA.CRD.Api\DavinciEPA.CRD.Api.csproj", "{80E894DB-D982-4557-81BD-963F4CD736CB}"
EndProject
Project("{FAE04EC0-301F-11D3-BF4B-00C04F79EFBC}") = "DavinciEPA.DTR.Api", "src\DavinciEPA.DTR.Api\DavinciEPA.DTR.Api.csproj", "{C76C3810-2189-4DA7-BC18-116E663E2EE9}"
EndProject
Project("{FAE04EC0-301F-11D3-BF4B-00C04F79EFBC}") = "DavinciEPA.PAS.Api", "src\DavinciEPA.PAS.Api\DavinciEPA.PAS.Api.csproj", "{E41CA8AC-D052-47AC-B693-35BC304576B2}"
EndProject
Project("{FAE04EC0-301F-11D3-BF4B-00C04F79EFBC}") = "DavinciEPA.Core", "src\DavinciEPA.Core\DavinciEPA.Core.csproj", "{DBF99E10-7538-403E-84B2-420BB599C2E2}"
EndProject
Project("{FAE04EC0-301F-11D3-BF4B-00C04F79EFBC}") = "DavinciEPA.Fhir", "src\DavinciEPA.Fhir\DavinciEPA.Fhir.csproj", "{7346EA76-5E1B-4FE2-9959-35009BE8BB4F}"
EndProject
Project("{FAE04EC0-301F-11D3-BF4B-00C04F79EFBC}") = "DavinciEPA.Infrastructure", "src\DavinciEPA.Infrastructure\DavinciEPA.Infrastructure.csproj", "{D070D79D-B22D-42B1-8689-5524698454B0}"
EndProject
Project("{FAE04EC0-301F-11D3-BF4B-00C04F79EFBC}") = "DavinciEPA.Rules", "src\DavinciEPA.Rules\DavinciEPA.Rules.csproj", "{071B81F1-82BC-4ACC-B268-3E31631FEA2E}"
EndProject
Project("{FAE04EC0-301F-11D3-BF4B-00C04F79EFBC}") = "DavinciEPA.Security", "src\DavinciEPA.Security\DavinciEPA.Security.csproj", "{FE25FBB4-628D-4FA9-9385-06BDCE0ADC08}"
EndProject
Project("{FAE04EC0-301F-11D3-BF4B-00C04F79EFBC}") = "DavinciEPA.Shared", "src\DavinciEPA.Shared\DavinciEPA.Shared.csproj", "{6C1BA180-E2A6-4E26-A20A-581F801241CD}"
EndProject
Project("{2150E333-8FDC-42A3-9474-1A3956D46DE8}") = "tests", "tests", "{34B61C05-5677-4665-834C-6199D5C88909}"
EndProject
Project("{FAE04EC0-301F-11D3-BF4B-00C04F79EFBC}") = "CRD.Tests", "tests\CRD.Tests\CRD.Tests.csproj", "{A92878B6-54B1-4E6B-8307-1D2C6250A83F}"
EndProject
Project("{FAE04EC0-301F-11D3-BF4B-00C04F79EFBC}") = "DTR.Tests", "tests\DTR.Tests\DTR.Tests.csproj", "{89C19191-980D-4D36-A167-420501E17278}"
EndProject
Project("{FAE04EC0-301F-11D3-BF4B-00C04F79EFBC}") = "PAS.Tests", "tests\PAS.Tests\PAS.Tests.csproj", "{FD8AC930-5E99-48F8-8E31-14F7BF35945B}"
EndProject
Project("{FAE04EC0-301F-11D3-BF4B-00C04F79EFBC}") = "Integration.Tests", "tests\Integration.Tests\Integration.Tests.csproj", "{BB7A99A0-F386-422E-ABF4-F96CF65C8E8B}"
EndProject
Project("{FAE04EC0-301F-11D3-BF4B-00C04F79EFBC}") = "DavinciEPA.Provider.Api", "src\DavinciEPA.Provider.Api\DavinciEPA.Provider.Api.csproj", "{A3285DE3-A60F-4B05-A00D-CAA58FD35B48}"
EndProject
Global
	GlobalSection(SolutionConfigurationPlatforms) = preSolution
		Debug|Any CPU = Debug|Any CPU
		Release|Any CPU = Release|Any CPU
	EndGlobalSection
	GlobalSection(SolutionProperties) = preSolution
		HideSolutionNode = FALSE
	EndGlobalSection
	GlobalSection(ProjectConfigurationPlatforms) = postSolution
		{80E894DB-D982-4557-81BD-963F4CD736CB}.Debug|Any CPU.ActiveCfg = Debug|Any CPU
		{80E894DB-D982-4557-81BD-963F4CD736CB}.Debug|Any CPU.Build.0 = Debug|Any CPU
		{80E894DB-D982-4557-81BD-963F4CD736CB}.Release|Any CPU.ActiveCfg = Release|Any CPU
		{80E894DB-D982-4557-81BD-963F4CD736CB}.Release|Any CPU.Build.0 = Release|Any CPU
		{C76C3810-2189-4DA7-BC18-116E663E2EE9}.Debug|Any CPU.ActiveCfg = Debug|Any CPU
		{C76C3810-2189-4DA7-BC18-116E663E2EE9}.Debug|Any CPU.Build.0 = Debug|Any CPU
		{C76C3810-2189-4DA7-BC18-116E663E2EE9}.Release|Any CPU.ActiveCfg = Release|Any CPU
		{C76C3810-2189-4DA7-BC18-116E663E2EE9}.Release|Any CPU.Build.0 = Release|Any CPU
		{E41CA8AC-D052-47AC-B693-35BC304576B2}.Debug|Any CPU.ActiveCfg = Debug|Any CPU
		{E41CA8AC-D052-47AC-B693-35BC304576B2}.Debug|Any CPU.Build.0 = Debug|Any CPU
		{E41CA8AC-D052-47AC-B693-35BC304576B2}.Release|Any CPU.ActiveCfg = Release|Any CPU
		{E41CA8AC-D052-47AC-B693-35BC304576B2}.Release|Any CPU.Build.0 = Release|Any CPU
		{DBF99E10-7538-403E-84B2-420BB599C2E2}.Debug|Any CPU.ActiveCfg = Debug|Any CPU
		{DBF99E10-7538-403E-84B2-420BB599C2E2}.Debug|Any CPU.Build.0 = Debug|Any CPU
		{DBF99E10-7538-403E-84B2-420BB599C2E2}.Release|Any CPU.ActiveCfg = Release|Any CPU
		{DBF99E10-7538-403E-84B2-420BB599C2E2}.Release|Any CPU.Build.0 = Release|Any CPU
		{7346EA76-5E1B-4FE2-9959-35009BE8BB4F}.Debug|Any CPU.ActiveCfg = Debug|Any CPU
		{7346EA76-5E1B-4FE2-9959-35009BE8BB4F}.Debug|Any CPU.Build.0 = Debug|Any CPU
		{7346EA76-5E1B-4FE2-9959-35009BE8BB4F}.Release|Any CPU.ActiveCfg = Release|Any CPU
		{7346EA76-5E1B-4FE2-9959-35009BE8BB4F}.Release|Any CPU.Build.0 = Release|Any CPU
		{D070D79D-B22D-42B1-8689-5524698454B0}.Debug|Any CPU.ActiveCfg = Debug|Any CPU
		{D070D79D-B22D-42B1-8689-5524698454B0}.Debug|Any CPU.Build.0 = Debug|Any CPU
		{D070D79D-B22D-42B1-8689-5524698454B0}.Release|Any CPU.ActiveCfg = Release|Any CPU
		{D070D79D-B22D-42B1-8689-5524698454B0}.Release|Any CPU.Build.0 = Release|Any CPU
		{071B81F1-82BC-4ACC-B268-3E31631FEA2E}.Debug|Any CPU.ActiveCfg = Debug|Any CPU
		{071B81F1-82BC-4ACC-B268-3E31631FEA2E}.Debug|Any CPU.Build.0 = Debug|Any CPU
		{071B81F1-82BC-4ACC-B268-3E31631FEA2E}.Release|Any CPU.ActiveCfg = Release|Any CPU
		{071B81F1-82BC-4ACC-B268-3E31631FEA2E}.Release|Any CPU.Build.0 = Release|Any CPU
		{FE25FBB4-628D-4FA9-9385-06BDCE0ADC08}.Debug|Any CPU.ActiveCfg = Debug|Any CPU
		{FE25FBB4-628D-4FA9-9385-06BDCE0ADC08}.Debug|Any CPU.Build.0 = Debug|Any CPU
		{FE25FBB4-628D-4FA9-9385-06BDCE0ADC08}.Release|Any CPU.ActiveCfg = Release|Any CPU
		{FE25FBB4-628D-4FA9-9385-06BDCE0ADC08}.Release|Any CPU.Build.0 = Release|Any CPU
		{6C1BA180-E2A6-4E26-A20A-581F801241CD}.Debug|Any CPU.ActiveCfg = Debug|Any CPU
		{6C1BA180-E2A6-4E26-A20A-581F801241CD}.Debug|Any CPU.Build.0 = Debug|Any CPU
		{6C1BA180-E2A6-4E26-A20A-581F801241CD}.Release|Any CPU.ActiveCfg = Release|Any CPU
		{6C1BA180-E2A6-4E26-A20A-581F801241CD}.Release|Any CPU.Build.0 = Release|Any CPU
		{A92878B6-54B1-4E6B-8307-1D2C6250A83F}.Debug|Any CPU.ActiveCfg = Debug|Any CPU
		{A92878B6-54B1-4E6B-8307-1D2C6250A83F}.Debug|Any CPU.Build.0 = Debug|Any CPU
		{A92878B6-54B1-4E6B-8307-1D2C6250A83F}.Release|Any CPU.ActiveCfg = Release|Any CPU
		{A92878B6-54B1-4E6B-8307-1D2C6250A83F}.Release|Any CPU.Build.0 = Release|Any CPU
		{89C19191-980D-4D36-A167-420501E17278}.Debug|Any CPU.ActiveCfg = Debug|Any CPU
		{89C19191-980D-4D36-A167-420501E17278}.Debug|Any CPU.Build.0 = Debug|Any CPU
		{89C19191-980D-4D36-A167-420501E17278}.Release|Any CPU.ActiveCfg = Release|Any CPU
		{89C19191-980D-4D36-A167-420501E17278}.Release|Any CPU.Build.0 = Release|Any CPU
		{FD8AC930-5E99-48F8-8E31-14F7BF35945B}.Debug|Any CPU.ActiveCfg = Debug|Any CPU
		{FD8AC930-5E99-48F8-8E31-14F7BF35945B}.Debug|Any CPU.Build.0 = Debug|Any CPU
		{FD8AC930-5E99-48F8-8E31-14F7BF35945B}.Release|Any CPU.ActiveCfg = Release|Any CPU
		{FD8AC930-5E99-48F8-8E31-14F7BF35945B}.Release|Any CPU.Build.0 = Release|Any CPU
		{BB7A99A0-F386-422E-ABF4-F96CF65C8E8B}.Debug|Any CPU.ActiveCfg = Debug|Any CPU
		{BB7A99A0-F386-422E-ABF4-F96CF65C8E8B}.Debug|Any CPU.Build.0 = Debug|Any CPU
		{BB7A99A0-F386-422E-ABF4-F96CF65C8E8B}.Release|Any CPU.ActiveCfg = Release|Any CPU
		{BB7A99A0-F386-422E-ABF4-F96CF65C8E8B}.Release|Any CPU.Build.0 = Release|Any CPU
		{A3285DE3-A60F-4B05-A00D-CAA58FD35B48}.Debug|Any CPU.ActiveCfg = Debug|Any CPU
		{A3285DE3-A60F-4B05-A00D-CAA58FD35B48}.Debug|Any CPU.Build.0 = Debug|Any CPU
		{A3285DE3-A60F-4B05-A00D-CAA58FD35B48}.Release|Any CPU.ActiveCfg = Release|Any CPU
		{A3285DE3-A60F-4B05-A00D-CAA58FD35B48}.Release|Any CPU.Build.0 = Release|Any CPU
	EndGlobalSection
	GlobalSection(NestedProjects) = preSolution
		{80E894DB-D982-4557-81BD-963F4CD736CB} = {64825A6D-D9EF-4B79-91DE-0A608EB745C0}
		{C76C3810-2189-4DA7-BC18-116E663E2EE9} = {64825A6D-D9EF-4B79-91DE-0A608EB745C0}
		{E41CA8AC-D052-47AC-B693-35BC304576B2} = {64825A6D-D9EF-4B79-91DE-0A608EB745C0}
		{DBF99E10-7538-403E-84B2-420BB599C2E2} = {64825A6D-D9EF-4B79-91DE-0A608EB745C0}
		{7346EA76-5E1B-4FE2-9959-35009BE8BB4F} = {64825A6D-D9EF-4B79-91DE-0A608EB745C0}
		{D070D79D-B22D-42B1-8689-5524698454B0} = {64825A6D-D9EF-4B79-91DE-0A608EB745C0}
		{071B81F1-82BC-4ACC-B268-3E31631FEA2E} = {64825A6D-D9EF-4B79-91DE-0A608EB745C0}
		{FE25FBB4-628D-4FA9-9385-06BDCE0ADC08} = {64825A6D-D9EF-4B79-91DE-0A608EB745C0}
		{6C1BA180-E2A6-4E26-A20A-581F801241CD} = {64825A6D-D9EF-4B79-91DE-0A608EB745C0}
		{A92878B6-54B1-4E6B-8307-1D2C6250A83F} = {34B61C05-5677-4665-834C-6199D5C88909}
		{89C19191-980D-4D36-A167-420501E17278} = {34B61C05-5677-4665-834C-6199D5C88909}
		{FD8AC930-5E99-48F8-8E31-14F7BF35945B} = {34B61C05-5677-4665-834C-6199D5C88909}
		{BB7A99A0-F386-422E-ABF4-F96CF65C8E8B} = {34B61C05-5677-4665-834C-6199D5C88909}
		{A3285DE3-A60F-4B05-A00D-CAA58FD35B48} = {64825A6D-D9EF-4B79-91DE-0A608EB745C0}
	EndGlobalSection
EndGlobal
